
Microsoft Visual Studio Solution File, Format Version 12.00
# Visual Studio Version 17
VisualStudioVersion = 17.4.33213.308
MinimumVisualStudioVersion = 10.0.40219.1
Project("{FAE04EC0-301F-11D3-BF4B-00C04F79EFBC}") = "Financial Management System", "Financial Management System.csproj", "{2810A022-E1F1-403F-A009-50BD166CD319}"
EndProject
Global
	GlobalSection(SolutionConfigurationPlatforms) = preSolution
		Debug|Any CPU = Debug|Any CPU
		Release|Any CPU = Release|Any CPU
	EndGlobalSection
	GlobalSection(ProjectConfigurationPlatforms) = postSolution
		{2810A022-E1F1-403F-A009-50BD166CD319}.Debug|Any CPU.ActiveCfg = Debug|Any CPU
		{2810A022-E1F1-403F-A009-50BD166CD319}.Debug|Any CPU.Build.0 = Debug|Any CPU
		{2810A022-E1F1-403F-A009-50BD166CD319}.Release|Any CPU.ActiveCfg = Release|Any CPU
		{2810A022-E1F1-403F-A009-50BD166CD319}.Release|Any CPU.Build.0 = Release|Any CPU
	EndGlobalSection
	GlobalSection(SolutionProperties) = preSolution
		HideSolutionNode = FALSE
	EndGlobalSection
	GlobalSection(ExtensibilityGlobals) = postSolution
		SolutionGuid = {23ABB5E8-F87F-4C86-86C5-3F4DBC1D4E26}
	EndGlobalSection
EndGlobal
